// !$*UTF8*$!
{
	archiveVersion = 1;
	classes = {
	};
	objectVersion = 46;
	objects = {

/* Begin PBXBuildFile section */
		1AA3130C1497554D0071FC5E /* JSInfiniteScrollView.m in Sources */ = {isa = PBXBuildFile; fileRef = 1AA3130B1497554D0071FC5E /* JSInfiniteScrollView.m */; };
		1AF9414A1496015E00A8D6E3 /* UIKit.framework in Frameworks */ = {isa = PBXBuildFile; fileRef = 1AF941491496015E00A8D6E3 /* UIKit.framework */; };
		1AF9414C1496015E00A8D6E3 /* Foundation.framework in Frameworks */ = {isa = PBXBuildFile; fileRef = 1AF9414B1496015E00A8D6E3 /* Foundation.framework */; };
		1AF9414E1496015E00A8D6E3 /* CoreGraphics.framework in Frameworks */ = {isa = PBXBuildFile; fileRef = 1AF9414D1496015E00A8D6E3 /* CoreGraphics.framework */; };
		1AF941541496015E00A8D6E3 /* InfoPlist.strings in Resources */ = {isa = PBXBuildFile; fileRef = 1AF941521496015E00A8D6E3 /* InfoPlist.strings */; };
		1AF941561496015E00A8D6E3 /* main.m in Sources */ = {isa = PBXBuildFile; fileRef = 1AF941551496015E00A8D6E3 /* main.m */; };
		1AF9415A1496015E00A8D6E3 /* AppDelegate.m in Sources */ = {isa = PBXBuildFile; fileRef = 1AF941591496015E00A8D6E3 /* AppDelegate.m */; };
		1AF9415D1496015E00A8D6E3 /* ViewController.m in Sources */ = {isa = PBXBuildFile; fileRef = 1AF9415C1496015E00A8D6E3 /* ViewController.m */; };
		1AF941601496015E00A8D6E3 /* ViewController.xib in Resources */ = {isa = PBXBuildFile; fileRef = 1AF9415E1496015E00A8D6E3 /* ViewController.xib */; };
/* End PBXBuildFile section */

/* Begin PBXFileReference section */
		1AA3130A1497554D0071FC5E /* JSInfiniteScrollView.h */ = {isa = PBXFileReference; fileEncoding = 4; path = JSInfiniteScrollView.h; sourceTree = "<group>"; };
		1AA3130B1497554D0071FC5E /* JSInfiniteScrollView.m */ = {isa = PBXFileReference; fileEncoding = 4; lastKnownFileType = sourcecode.c.objc; path = JSInfiniteScrollView.m; sourceTree = "<group>"; };
		1AF941451496015E00A8D6E3 /* InfiniteScrolling.app */ = {isa = PBXFileReference; explicitFileType = wrapper.application; includeInIndex = 0; path = InfiniteScrolling.app; sourceTree = BUILT_PRODUCTS_DIR; };
		1AF941491496015E00A8D6E3 /* UIKit.framework */ = {isa = PBXFileReference; lastKnownFileType = wrapper.framework; name = UIKit.framework; path = System/Library/Frameworks/UIKit.framework; sourceTree = SDKROOT; };
		1AF9414B1496015E00A8D6E3 /* Foundation.framework */ = {isa = PBXFileReference; lastKnownFileType = wrapper.framework; name = Foundation.framework; path = System/Library/Frameworks/Foundation.framework; sourceTree = SDKROOT; };
		1AF9414D1496015E00A8D6E3 /* CoreGraphics.framework */ = {isa = PBXFileReference; lastKnownFileType = wrapper.framework; name = CoreGraphics.framework; path = System/Library/Frameworks/CoreGraphics.framework; sourceTree = SDKROOT; };
		1AF941511496015E00A8D6E3 /* InfiniteScrolling-Info.plist */ = {isa = PBXFileReference; lastKnownFileType = text.plist.xml; path = "InfiniteScrolling-Info.plist"; sourceTree = "<group>"; };
		1AF941531496015E00A8D6E3 /* en */ = {isa = PBXFileReference; lastKnownFileType = text.plist.strings; name = en; path = en.lproj/InfoPlist.strings; sourceTree = "<group>"; };
		1AF941551496015E00A8D6E3 /* main.m */ = {isa = PBXFileReference; lastKnownFileType = sourcecode.c.objc; path = main.m; sourceTree = "<group>"; };
		1AF941571496015E00A8D6E3 /* InfiniteScrolling-Prefix.pch */ = {isa = PBXFileReference; lastKnownFileType = sourcecode.c.h; path = "InfiniteScrolling-Prefix.pch"; sourceTree = "<group>"; };
		1AF941581496015E00A8D6E3 /* AppDelegate.h */ = {isa = PBXFileReference; lastKnownFileType = sourcecode.c.h; path = AppDelegate.h; sourceTree = "<group>"; };
		1AF941591496015E00A8D6E3 /* AppDelegate.m */ = {isa = PBXFileReference; lastKnownFileType = sourcecode.c.objc; path = AppDelegate.m; sourceTree = "<group>"; };
		1AF9415B1496015E00A8D6E3 /* ViewController.h */ = {isa = PBXFileReference; lastKnownFileType = sourcecode.c.h; path = ViewController.h; sourceTree = "<group>"; };
		1AF9415C1496015E00A8D6E3 /* ViewController.m */ = {isa = PBXFileReference; lastKnownFileType = sourcecode.c.objc; path = ViewController.m; sourceTree = "<group>"; };
		1AF9415F1496015E00A8D6E3 /* en */ = {isa = PBXFileReference; lastKnownFileType = file.xib; name = en; path = en.lproj/ViewController.xib; sourceTree = "<group>"; };
/* End PBXFileReference section */

/* Begin PBXFrameworksBuildPhase section */
		1AF941421496015E00A8D6E3 /* Frameworks */ = {
			isa = PBXFrameworksBuildPhase;
			buildActionMask = 2147483647;
			files = (
				1AF9414A1496015E00A8D6E3 /* UIKit.framework in Frameworks */,
				1AF9414C1496015E00A8D6E3 /* Foundation.framework in Frameworks */,
				1AF9414E1496015E00A8D6E3 /* CoreGraphics.framework in Frameworks */,
			);
			runOnlyForDeploymentPostprocessing = 0;
		};
/* End PBXFrameworksBuildPhase section */

/* Begin PBXGroup section */
		1AF9413A1496015E00A8D6E3 = {
			isa = PBXGroup;
			children = (
				1AF9414F1496015E00A8D6E3 /* InfiniteScrolling */,
				1AF941481496015E00A8D6E3 /* Frameworks */,
				1AF941461496015E00A8D6E3 /* Products */,
			);
			sourceTree = "<group>";
		};
		1AF941461496015E00A8D6E3 /* Products */ = {
			isa = PBXGroup;
			children = (
				1AF941451496015E00A8D6E3 /* InfiniteScrolling.app */,
			);
			name = Products;
			sourceTree = "<group>";
		};
		1AF941481496015E00A8D6E3 /* Frameworks */ = {
			isa = PBXGroup;
			children = (
				1AF941491496015E00A8D6E3 /* UIKit.framework */,
				1AF9414B1496015E00A8D6E3 /* Foundation.framework */,
				1AF9414D1496015E00A8D6E3 /* CoreGraphics.framework */,
			);
			name = Frameworks;
			sourceTree = "<group>";
		};
		1AF9414F1496015E00A8D6E3 /* InfiniteScrolling */ = {
			isa = PBXGroup;
			children = (
				1AF941581496015E00A8D6E3 /* AppDelegate.h */,
				1AF941591496015E00A8D6E3 /* AppDelegate.m */,
				1AF9415B1496015E00A8D6E3 /* ViewController.h */,
				1AF9415C1496015E00A8D6E3 /* ViewController.m */,
				1AF9415E1496015E00A8D6E3 /* ViewController.xib */,
				1AA3130A1497554D0071FC5E /* JSInfiniteScrollView.h */,
				1AA3130B1497554D0071FC5E /* JSInfiniteScrollView.m */,
				1AF941501496015E00A8D6E3 /* Supporting Files */,
			);
			path = InfiniteScrolling;
			sourceTree = "<group>";
		};
		1AF941501496015E00A8D6E3 /* Supporting Files */ = {
			isa = PBXGroup;
			children = (
				1AF941511496015E00A8D6E3 /* InfiniteScrolling-Info.plist */,
				1AF941521496015E00A8D6E3 /* InfoPlist.strings */,
				1AF941551496015E00A8D6E3 /* main.m */,
				1AF941571496015E00A8D6E3 /* InfiniteScrolling-Prefix.pch */,
			);
			name = "Supporting Files";
			sourceTree = "<group>";
		};
/* End PBXGroup section */

/* Begin PBXNativeTarget section */
		1AF941441496015E00A8D6E3 /* InfiniteScrolling */ = {
			isa = PBXNativeTarget;
			buildConfigurationList = 1AF941631496015E00A8D6E3 /* Build configuration list for PBXNativeTarget "InfiniteScrolling" */;
			buildPhases = (
				1AF941411496015E00A8D6E3 /* Sources */,
				1AF941421496015E00A8D6E3 /* Frameworks */,
				1AF941431496015E00A8D6E3 /* Resources */,
			);
			buildRules = (
			);
			dependencies = (
			);
			name = InfiniteScrolling;
			productName = InfiniteScrolling;
			productReference = 1AF941451496015E00A8D6E3 /* InfiniteScrolling.app */;
			productType = "com.apple.product-type.application";
		};
/* End PBXNativeTarget section */

/* Begin PBXProject section */
		1AF9413C1496015E00A8D6E3 /* Project object */ = {
			isa = PBXProject;
			attributes = {
				LastUpgradeCheck = 0420;
			};
			buildConfigurationList = 1AF9413F1496015E00A8D6E3 /* Build configuration list for PBXProject "InfiniteScrolling" */;
			compatibilityVersion = "Xcode 3.2";
			developmentRegion = English;
			hasScannedForEncodings = 0;
			knownRegions = (
				en,
			);
			mainGroup = 1AF9413A1496015E00A8D6E3;
			productRefGroup = 1AF941461496015E00A8D6E3 /* Products */;
			projectDirPath = "";
			projectRoot = "";
			targets = (
				1AF941441496015E00A8D6E3 /* InfiniteScrolling */,
			);
		};
/* End PBXProject section */

/* Begin PBXResourcesBuildPhase section */
		1AF941431496015E00A8D6E3 /* Resources */ = {
			isa = PBXResourcesBuildPhase;
			buildActionMask = 2147483647;
			files = (
				1AF941541496015E00A8D6E3 /* InfoPlist.strings in Resources */,
				1AF941601496015E00A8D6E3 /* ViewController.xib in Resources */,
			);
			runOnlyForDeploymentPostprocessing = 0;
		};
/* End PBXResourcesBuildPhase section */

/* Begin PBXSourcesBuildPhase section */
		1AF941411496015E00A8D6E3 /* Sources */ = {
			isa = PBXSourcesBuildPhase;
			buildActionMask = 2147483647;
			files = (
				1AF941561496015E00A8D6E3 /* main.m in Sources */,
				1AF9415A1496015E00A8D6E3 /* AppDelegate.m in Sources */,
				1AF9415D1496015E00A8D6E3 /* ViewController.m in Sources */,
				1AA3130C1497554D0071FC5E /* JSInfiniteScrollView.m in Sources */,
			);
			runOnlyForDeploymentPostprocessing = 0;
		};
/* End PBXSourcesBuildPhase section */

/* Begin PBXVariantGroup section */
		1AF941521496015E00A8D6E3 /* InfoPlist.strings */ = {
			isa = PBXVariantGroup;
			children = (
				1AF941531496015E00A8D6E3 /* en */,
			);
			name = InfoPlist.strings;
			sourceTree = "<group>";
		};
		1AF9415E1496015E00A8D6E3 /* ViewController.xib */ = {
			isa = PBXVariantGroup;
			children = (
				1AF9415F1496015E00A8D6E3 /* en */,
			);
			name = ViewController.xib;
			sourceTree = "<group>";
		};
/* End PBXVariantGroup section */

/* Begin XCBuildConfiguration section */
		1AF941611496015E00A8D6E3 /* Debug */ = {
			isa = XCBuildConfiguration;
			buildSettings = {
				ALWAYS_SEARCH_USER_PATHS = NO;
				ARCHS = "$(ARCHS_STANDARD_32_BIT)";
				"CODE_SIGN_IDENTITY[sdk=iphoneos*]" = "iPhone Developer";
				COPY_PHASE_STRIP = NO;
				GCC_C_LANGUAGE_STANDARD = gnu99;
				GCC_DYNAMIC_NO_PIC = NO;
				GCC_OPTIMIZATION_LEVEL = 0;
				GCC_PREPROCESSOR_DEFINITIONS = (
					"DEBUG=1",
					"$(inherited)",
				);
				GCC_SYMBOLS_PRIVATE_EXTERN = NO;
				GCC_VERSION = com.apple.compilers.llvm.clang.1_0;
				GCC_WARN_ABOUT_MISSING_PROTOTYPES = YES;
				GCC_WARN_ABOUT_RETURN_TYPE = YES;
				GCC_WARN_UNUSED_VARIABLE = YES;
				IPHONEOS_DEPLOYMENT_TARGET = 5.0;
				SDKROOT = iphoneos;
			};
			name = Debug;
		};
		1AF941621496015E00A8D6E3 /* Release */ = {
			isa = XCBuildConfiguration;
			buildSettings = {
				ALWAYS_SEARCH_USER_PATHS = NO;
				ARCHS = "$(ARCHS_STANDARD_32_BIT)";
				"CODE_SIGN_IDENTITY[sdk=iphoneos*]" = "iPhone Developer";
				COPY_PHASE_STRIP = YES;
				GCC_C_LANGUAGE_STANDARD = gnu99;
				GCC_VERSION = com.apple.compilers.llvm.clang.1_0;
				GCC_WARN_ABOUT_MISSING_PROTOTYPES = YES;
				GCC_WARN_ABOUT_RETURN_TYPE = YES;
				GCC_WARN_UNUSED_VARIABLE = YES;
				IPHONEOS_DEPLOYMENT_TARGET = 5.0;
				OTHER_CFLAGS = "-DNS_BLOCK_ASSERTIONS=1";
				SDKROOT = iphoneos;
				VALIDATE_PRODUCT = YES;
			};
			name = Release;
		};
		1AF941641496015E00A8D6E3 /* Debug */ = {
			isa = XCBuildConfiguration;
			buildSettings = {
				GCC_PRECOMPILE_PREFIX_HEADER = YES;
				GCC_PREFIX_HEADER = "InfiniteScrolling/InfiniteScrolling-Prefix.pch";
				INFOPLIST_FILE = "InfiniteScrolling/InfiniteScrolling-Info.plist";
				PRODUCT_NAME = "$(TARGET_NAME)";
				WRAPPER_EXTENSION = app;
			};
			name = Debug;
		};
		1AF941651496015E00A8D6E3 /* Release */ = {
			isa = XCBuildConfiguration;
			buildSettings = {
				GCC_PRECOMPILE_PREFIX_HEADER = YES;
				GCC_PREFIX_HEADER = "InfiniteScrolling/InfiniteScrolling-Prefix.pch";
				INFOPLIST_FILE = "InfiniteScrolling/InfiniteScrolling-Info.plist";
				PRODUCT_NAME = "$(TARGET_NAME)";
				WRAPPER_EXTENSION = app;
			};
			name = Release;
		};
/* End XCBuildConfiguration section */

/* Begin XCConfigurationList section */
		1AF9413F1496015E00A8D6E3 /* Build configuration list for PBXProject "InfiniteScrolling" */ = {
			isa = XCConfigurationList;
			buildConfigurations = (
				1AF941611496015E00A8D6E3 /* Debug */,
				1AF941621496015E00A8D6E3 /* Release */,
			);
			defaultConfigurationIsVisible = 0;
			defaultConfigurationName = Release;
		};
		1AF941631496015E00A8D6E3 /* Build configuration list for PBXNativeTarget "InfiniteScrolling" */ = {
			isa = XCConfigurationList;
			buildConfigurations = (
				1AF941641496015E00A8D6E3 /* Debug */,
				1AF941651496015E00A8D6E3 /* Release */,
			);
			defaultConfigurationIsVisible = 0;
			defaultConfigurationName = Release;
		};
/* End XCConfigurationList section */
	};
	rootObject = 1AF9413C1496015E00A8D6E3 /* Project object */;
}
